// !$*UTF8*$!
{
	archiveVersion = 1;
	classes = {
	};
	objectVersion = 77;
	objects = {

/* Begin PBXContainerItemProxy section */
		B22DDECB2D4C219C0031DADB /* PBXContainerItemProxy */ = {
			isa = PBXContainerItemProxy;
			containerPortal = B22DDEB22D4C219B0031DADB /* Project object */;
			proxyType = 1;
			remoteGlobalIDString = B22DDEB92D4C219B0031DADB;
			remoteInfo = SwiftRext;
		};
		B22DDED52D4C219C0031DADB /* PBXContainerItemProxy */ = {
			isa = PBXContainerItemProxy;
			containerPortal = B22DDEB22D4C219B0031DADB /* Project object */;
			proxyType = 1;
			remoteGlobalIDString = B22DDEB92D4C219B0031DADB;
			remoteInfo = SwiftRext;
		};
/* End PBXContainerItemProxy section */

/* Begin PBXFileReference section */
		B22DDEBA2D4C219B0031DADB /* SwiftRext.app */ = {isa = PBXFileReference; explicitFileType = wrapper.application; includeInIndex = 0; path = SwiftRext.app; sourceTree = BUILT_PRODUCTS_DIR; };
		B22DDECA2D4C219C0031DADB /* SwiftRextTests.xctest */ = {isa = PBXFileReference; explicitFileType = wrapper.cfbundle; includeInIndex = 0; path = SwiftRextTests.xctest; sourceTree = BUILT_PRODUCTS_DIR; };
		B22DDED42D4C219C0031DADB /* SwiftRextUITests.xctest */ = {isa = PBXFileReference; explicitFileType = wrapper.cfbundle; includeInIndex = 0; path = SwiftRextUITests.xctest; sourceTree = BUILT_PRODUCTS_DIR; };
/* End PBXFileReference section */

/* Begin PBXFileSystemSynchronizedRootGroup section */
		B22DDEBC2D4C219B0031DADB /* SwiftRext */ = {
			isa = PBXFileSystemSynchronizedRootGroup;
			path = SwiftRext;
			sourceTree = "<group>";
		};
		B22DDECD2D4C219C0031DADB /* SwiftRextTests */ = {
			isa = PBXFileSystemSynchronizedRootGroup;
			path = SwiftRextTests;
			sourceTree = "<group>";
		};
		B22DDED72D4C219C0031DADB /* SwiftRextUITests */ = {
			isa = PBXFileSystemSynchronizedRootGroup;
			path = SwiftRextUITests;
			sourceTree = "<group>";
		};
/* End PBXFileSystemSynchronizedRootGroup section */

/* Begin PBXFrameworksBuildPhase section */
		B22DDEB72D4C219B0031DADB /* Frameworks */ = {
			isa = PBXFrameworksBuildPhase;
			buildActionMask = 2147483647;
			files = (
			);
			runOnlyForDeploymentPostprocessing = 0;
		};
		B22DDEC72D4C219C0031DADB /* Frameworks */ = {
			isa = PBXFrameworksBuildPhase;
			buildActionMask = 2147483647;
			files = (
			);
			runOnlyForDeploymentPostprocessing = 0;
		};
		B22DDED12D4C219C0031DADB /* Frameworks */ = {
			isa = PBXFrameworksBuildPhase;
			buildActionMask = 2147483647;
			files = (
			);
			runOnlyForDeploymentPostprocessing = 0;
		};
/* End PBXFrameworksBuildPhase section */

/* Begin PBXGroup section */
		B22DDEB12D4C219B0031DADB = {
			isa = PBXGroup;
			children = (
				B22DDEBC2D4C219B0031DADB /* SwiftRext */,
				B22DDECD2D4C219C0031DADB /* SwiftRextTests */,
				B22DDED72D4C219C0031DADB /* SwiftRextUITests */,
				B22DDEBB2D4C219B0031DADB /* Products */,
			);
			sourceTree = "<group>";
		};
		B22DDEBB2D4C219B0031DADB /* Products */ = {
			isa = PBXGroup;
			children = (
				B22DDEBA2D4C219B0031DADB /* SwiftRext.app */,
				B22DDECA2D4C219C0031DADB /* SwiftRextTests.xctest */,
				B22DDED42D4C219C0031DADB /* SwiftRextUITests.xctest */,
			);
			name = Products;
			sourceTree = "<group>";
		};
/* End PBXGroup section */

/* Begin PBXNativeTarget section */
		B22DDEB92D4C219B0031DADB /* SwiftRext */ = {
			isa = PBXNativeTarget;
			buildConfigurationList = B22DDEDE2D4C219C0031DADB /* Build configuration list for PBXNativeTarget "SwiftRext" */;
			buildPhases = (
				B22DDEB62D4C219B0031DADB /* Sources */,
				B22DDEB72D4C219B0031DADB /* Frameworks */,
				B22DDEB82D4C219B0031DADB /* Resources */,
			);
			buildRules = (
			);
			dependencies = (
			);
			fileSystemSynchronizedGroups = (
				B22DDEBC2D4C219B0031DADB /* SwiftRext */,
			);
			name = SwiftRext;
			packageProductDependencies = (
			);
			productName = SwiftRext;
			productReference = B22DDEBA2D4C219B0031DADB /* SwiftRext.app */;
			productType = "com.apple.product-type.application";
		};
		B22DDEC92D4C219C0031DADB /* SwiftRextTests */ = {
			isa = PBXNativeTarget;
			buildConfigurationList = B22DDEE12D4C219C0031DADB /* Build configuration list for PBXNativeTarget "SwiftRextTests" */;
			buildPhases = (
				B22DDEC62D4C219C0031DADB /* Sources */,
				B22DDEC72D4C219C0031DADB /* Frameworks */,
				B22DDEC82D4C219C0031DADB /* Resources */,
			);
			buildRules = (
			);
			dependencies = (
				B22DDECC2D4C219C0031DADB /* PBXTargetDependency */,
			);
			fileSystemSynchronizedGroups = (
				B22DDECD2D4C219C0031DADB /* SwiftRextTests */,
			);
			name = SwiftRextTests;
			packageProductDependencies = (
			);
			productName = SwiftRextTests;
			productReference = B22DDECA2D4C219C0031DADB /* SwiftRextTests.xctest */;
			productType = "com.apple.product-type.bundle.unit-test";
		};
		B22DDED32D4C219C0031DADB /* SwiftRextUITests */ = {
			isa = PBXNativeTarget;
			buildConfigurationList = B22DDEE42D4C219C0031DADB /* Build configuration list for PBXNativeTarget "SwiftRextUITests" */;
			buildPhases = (
				B22DDED02D4C219C0031DADB /* Sources */,
				B22DDED12D4C219C0031DADB /* Frameworks */,
				B22DDED22D4C219C0031DADB /* Resources */,
			);
			buildRules = (
			);
			dependencies = (
				B22DDED62D4C219C0031DADB /* PBXTargetDependency */,
			);
			fileSystemSynchronizedGroups = (
				B22DDED72D4C219C0031DADB /* SwiftRextUITests */,
			);
			name = SwiftRextUITests;
			packageProductDependencies = (
			);
			productName = SwiftRextUITests;
			productReference = B22DDED42D4C219C0031DADB /* SwiftRextUITests.xctest */;
			productType = "com.apple.product-type.bundle.ui-testing";
		};
/* End PBXNativeTarget section */

/* Begin PBXProject section */
		B22DDEB22D4C219B0031DADB /* Project object */ = {
			isa = PBXProject;
			attributes = {
				BuildIndependentTargetsInParallel = 1;
				LastSwiftUpdateCheck = 1610;
				LastUpgradeCheck = 1610;
				TargetAttributes = {
					B22DDEB92D4C219B0031DADB = {
						CreatedOnToolsVersion = 16.1;
					};
					B22DDEC92D4C219C0031DADB = {
						CreatedOnToolsVersion = 16.1;
						TestTargetID = B22DDEB92D4C219B0031DADB;
					};
					B22DDED32D4C219C0031DADB = {
						CreatedOnToolsVersion = 16.1;
						TestTargetID = B22DDEB92D4C219B0031DADB;
					};
				};
			};
			buildConfigurationList = B22DDEB52D4C219B0031DADB /* Build configuration list for PBXProject "SwiftRext" */;
			developmentRegion = en;
			hasScannedForEncodings = 0;
			knownRegions = (
				en,
				Base,
			);
			mainGroup = B22DDEB12D4C219B0031DADB;
			minimizedProjectReferenceProxies = 1;
			preferredProjectObjectVersion = 77;
			productRefGroup = B22DDEBB2D4C219B0031DADB /* Products */;
			projectDirPath = "";
			projectRoot = "";
			targets = (
				B22DDEB92D4C219B0031DADB /* SwiftRext */,
				B22DDEC92D4C219C0031DADB /* SwiftRextTests */,
				B22DDED32D4C219C0031DADB /* SwiftRextUITests */,
			);
		};
/* End PBXProject section */

/* Begin PBXResourcesBuildPhase section */
		B22DDEB82D4C219B0031DADB /* Resources */ = {
			isa = PBXResourcesBuildPhase;
			buildActionMask = 2147483647;
			files = (
			);
			runOnlyForDeploymentPostprocessing = 0;
		};
		B22DDEC82D4C219C0031DADB /* Resources */ = {
			isa = PBXResourcesBuildPhase;
			buildActionMask = 2147483647;
			files = (
			);
			runOnlyForDeploymentPostprocessing = 0;
		};
		B22DDED22D4C219C0031DADB /* Resources */ = {
			isa = PBXResourcesBuildPhase;
			buildActionMask = 2147483647;
			files = (
			);
			runOnlyForDeploymentPostprocessing = 0;
		};
/* End PBXResourcesBuildPhase section */

/* Begin PBXSourcesBuildPhase section */
		B22DDEB62D4C219B0031DADB /* Sources */ = {
			isa = PBXSourcesBuildPhase;
			buildActionMask = 2147483647;
			files = (
			);
			runOnlyForDeploymentPostprocessing = 0;
		};
		B22DDEC62D4C219C0031DADB /* Sources */ = {
			isa = PBXSourcesBuildPhase;
			buildActionMask = 2147483647;
			files = (
			);
			runOnlyForDeploymentPostprocessing = 0;
		};
		B22DDED02D4C219C0031DADB /* Sources */ = {
			isa = PBXSourcesBuildPhase;
			buildActionMask = 2147483647;
			files = (
			);
			runOnlyForDeploymentPostprocessing = 0;
		};
/* End PBXSourcesBuildPhase section */

/* Begin PBXTargetDependency section */
		B22DDECC2D4C219C0031DADB /* PBXTargetDependency */ = {
			isa = PBXTargetDependency;
			target = B22DDEB92D4C219B0031DADB /* SwiftRext */;
			targetProxy = B22DDECB2D4C219C0031DADB /* PBXContainerItemProxy */;
		};
		B22DDED62D4C219C0031DADB /* PBXTargetDependency */ = {
			isa = PBXTargetDependency;
			target = B22DDEB92D4C219B0031DADB /* SwiftRext */;
			targetProxy = B22DDED52D4C219C0031DADB /* PBXContainerItemProxy */;
		};
/* End PBXTargetDependency section */

/* Begin XCBuildConfiguration section */
		B22DDEDC2D4C219C0031DADB /* Debug */ = {
			isa = XCBuildConfiguration;
			buildSettings = {
				ALWAYS_SEARCH_USER_PATHS = NO;
				ASSETCATALOG_COMPILER_GENERATE_SWIFT_ASSET_SYMBOL_EXTENSIONS = YES;
				CLANG_ANALYZER_NONNULL = YES;
				CLANG_ANALYZER_NUMBER_OBJECT_CONVERSION = YES_AGGRESSIVE;
				CLANG_CXX_LANGUAGE_STANDARD = "gnu++20";
				CLANG_ENABLE_MODULES = YES;
				CLANG_ENABLE_OBJC_ARC = YES;
				CLANG_ENABLE_OBJC_WEAK = YES;
				CLANG_WARN_BLOCK_CAPTURE_AUTORELEASING = YES;
				CLANG_WARN_BOOL_CONVERSION = YES;
				CLANG_WARN_COMMA = YES;
				CLANG_WARN_CONSTANT_CONVERSION = YES;
				CLANG_WARN_DEPRECATED_OBJC_IMPLEMENTATIONS = YES;
				CLANG_WARN_DIRECT_OBJC_ISA_USAGE = YES_ERROR;
				CLANG_WARN_DOCUMENTATION_COMMENTS = YES;
				CLANG_WARN_EMPTY_BODY = YES;
				CLANG_WARN_ENUM_CONVERSION = YES;
				CLANG_WARN_INFINITE_RECURSION = YES;
				CLANG_WARN_INT_CONVERSION = YES;
				CLANG_WARN_NON_LITERAL_NULL_CONVERSION = YES;
				CLANG_WARN_OBJC_IMPLICIT_RETAIN_SELF = YES;
				CLANG_WARN_OBJC_LITERAL_CONVERSION = YES;
				CLANG_WARN_OBJC_ROOT_CLASS = YES_ERROR;
				CLANG_WARN_QUOTED_INCLUDE_IN_FRAMEWORK_HEADER = YES;
				CLANG_WARN_RANGE_LOOP_ANALYSIS = YES;
				CLANG_WARN_STRICT_PROTOTYPES = YES;
				CLANG_WARN_SUSPICIOUS_MOVE = YES;
				CLANG_WARN_UNGUARDED_AVAILABILITY = YES_AGGRESSIVE;
				CLANG_WARN_UNREACHABLE_CODE = YES;
				CLANG_WARN__DUPLICATE_METHOD_MATCH = YES;
				COPY_PHASE_STRIP = NO;
				DEBUG_INFORMATION_FORMAT = dwarf;
				ENABLE_STRICT_OBJC_MSGSEND = YES;
				ENABLE_TESTABILITY = YES;
				ENABLE_USER_SCRIPT_SANDBOXING = YES;
				GCC_C_LANGUAGE_STANDARD = gnu17;
				GCC_DYNAMIC_NO_PIC = NO;
				GCC_NO_COMMON_BLOCKS = YES;
				GCC_OPTIMIZATION_LEVEL = 0;
				GCC_PREPROCESSOR_DEFINITIONS = (
					"DEBUG=1",
					"$(inherited)",
				);
				GCC_WARN_64_TO_32_BIT_CONVERSION = YES;
				GCC_WARN_ABOUT_RETURN_TYPE = YES_ERROR;
				GCC_WARN_UNDECLARED_SELECTOR = YES;
				GCC_WARN_UNINITIALIZED_AUTOS = YES_AGGRESSIVE;
				GCC_WARN_UNUSED_FUNCTION = YES;
				GCC_WARN_UNUSED_VARIABLE = YES;
				IPHONEOS_DEPLOYMENT_TARGET = 18.1;
				LOCALIZATION_PREFERS_STRING_CATALOGS = YES;
				MTL_ENABLE_DEBUG_INFO = INCLUDE_SOURCE;
				MTL_FAST_MATH = YES;
				ONLY_ACTIVE_ARCH = YES;
				SDKROOT = iphoneos;
				SWIFT_ACTIVE_COMPILATION_CONDITIONS = "DEBUG $(inherited)";
				SWIFT_OPTIMIZATION_LEVEL = "-Onone";
			};
			name = Debug;
		};
		B22DDEDD2D4C219C0031DADB /* Release */ = {
			isa = XCBuildConfiguration;
			buildSettings = {
				ALWAYS_SEARCH_USER_PATHS = NO;
				ASSETCATALOG_COMPILER_GENERATE_SWIFT_ASSET_SYMBOL_EXTENSIONS = YES;
				CLANG_ANALYZER_NONNULL = YES;
				CLANG_ANALYZER_NUMBER_OBJECT_CONVERSION = YES_AGGRESSIVE;
				CLANG_CXX_LANGUAGE_STANDARD = "gnu++20";
				CLANG_ENABLE_MODULES = YES;
				CLANG_ENABLE_OBJC_ARC = YES;
				CLANG_ENABLE_OBJC_WEAK = YES;
				CLANG_WARN_BLOCK_CAPTURE_AUTORELEASING = YES;
				CLANG_WARN_BOOL_CONVERSION = YES;
				CLANG_WARN_COMMA = YES;
				CLANG_WARN_CONSTANT_CONVERSION = YES;
				CLANG_WARN_DEPRECATED_OBJC_IMPLEMENTATIONS = YES;
				CLANG_WARN_DIRECT_OBJC_ISA_USAGE = YES_ERROR;
				CLANG_WARN_DOCUMENTATION_COMMENTS = YES;
				CLANG_WARN_EMPTY_BODY = YES;
				CLANG_WARN_ENUM_CONVERSION = YES;
				CLANG_WARN_INFINITE_RECURSION = YES;
				CLANG_WARN_INT_CONVERSION = YES;
				CLANG_WARN_NON_LITERAL_NULL_CONVERSION = YES;
				CLANG_WARN_OBJC_IMPLICIT_RETAIN_SELF = YES;
				CLANG_WARN_OBJC_LITERAL_CONVERSION = YES;
				CLANG_WARN_OBJC_ROOT_CLASS = YES_ERROR;
				CLANG_WARN_QUOTED_INCLUDE_IN_FRAMEWORK_HEADER = YES;
				CLANG_WARN_RANGE_LOOP_ANALYSIS = YES;
				CLANG_WARN_STRICT_PROTOTYPES = YES;
				CLANG_WARN_SUSPICIOUS_MOVE = YES;
				CLANG_WARN_UNGUARDED_AVAILABILITY = YES_AGGRESSIVE;
				CLANG_WARN_UNREACHABLE_CODE = YES;
				CLANG_WARN__DUPLICATE_METHOD_MATCH = YES;
				COPY_PHASE_STRIP = NO;
				DEBUG_INFORMATION_FORMAT = "dwarf-with-dsym";
				ENABLE_NS_ASSERTIONS = NO;
				ENABLE_STRICT_OBJC_MSGSEND = YES;
				ENABLE_USER_SCRIPT_SANDBOXING = YES;
				GCC_C_LANGUAGE_STANDARD = gnu17;
				GCC_NO_COMMON_BLOCKS = YES;
				GCC_WARN_64_TO_32_BIT_CONVERSION = YES;
				GCC_WARN_ABOUT_RETURN_TYPE = YES_ERROR;
				GCC_WARN_UNDECLARED_SELECTOR = YES;
				GCC_WARN_UNINITIALIZED_AUTOS = YES_AGGRESSIVE;
				GCC_WARN_UNUSED_FUNCTION = YES;
				GCC_WARN_UNUSED_VARIABLE = YES;
				IPHONEOS_DEPLOYMENT_TARGET = 18.1;
				LOCALIZATION_PREFERS_STRING_CATALOGS = YES;
				MTL_ENABLE_DEBUG_INFO = NO;
				MTL_FAST_MATH = YES;
				SDKROOT = iphoneos;
				SWIFT_COMPILATION_MODE = wholemodule;
				VALIDATE_PRODUCT = YES;
			};
			name = Release;
		};
		B22DDEDF2D4C219C0031DADB /* Debug */ = {
			isa = XCBuildConfiguration;
			buildSettings = {
				ASSETCATALOG_COMPILER_APPICON_NAME = AppIcon;
				ASSETCATALOG_COMPILER_GLOBAL_ACCENT_COLOR_NAME = AccentColor;
				CODE_SIGN_STYLE = Automatic;
				CURRENT_PROJECT_VERSION = 1;
				DEVELOPMENT_ASSET_PATHS = "\"SwiftRext/Preview Content\"";
				DEVELOPMENT_TEAM = DUBXDHF3SZ;
				ENABLE_PREVIEWS = YES;
				GENERATE_INFOPLIST_FILE = YES;
				INFOPLIST_KEY_UIApplicationSceneManifest_Generation = YES;
				INFOPLIST_KEY_UIApplicationSupportsIndirectInputEvents = YES;
				INFOPLIST_KEY_UILaunchScreen_Generation = YES;
				INFOPLIST_KEY_UISupportedInterfaceOrientations_iPad = "UIInterfaceOrientationPortrait UIInterfaceOrientationPortraitUpsideDown UIInterfaceOrientationLandscapeLeft UIInterfaceOrientationLandscapeRight";
				INFOPLIST_KEY_UISupportedInterfaceOrientations_iPhone = "UIInterfaceOrientationPortrait UIInterfaceOrientationLandscapeLeft UIInterfaceOrientationLandscapeRight";
				LD_RUNPATH_SEARCH_PATHS = (
					"$(inherited)",
					"@executable_path/Frameworks",
				);
				MARKETING_VERSION = 1.0;
				PRODUCT_BUNDLE_IDENTIFIER = com.SwiftRext;
				PRODUCT_NAME = "$(TARGET_NAME)";
				SWIFT_EMIT_LOC_STRINGS = YES;
				SWIFT_VERSION = 5.0;
				TARGETED_DEVICE_FAMILY = "1,2";
			};
			name = Debug;
		};
		B22DDEE02D4C219C0031DADB /* Release */ = {
			isa = XCBuildConfiguration;
			buildSettings = {
				ASSETCATALOG_COMPILER_APPICON_NAME = AppIcon;
				ASSETCATALOG_COMPILER_GLOBAL_ACCENT_COLOR_NAME = AccentColor;
				CODE_SIGN_STYLE = Automatic;
				CURRENT_PROJECT_VERSION = 1;
				DEVELOPMENT_ASSET_PATHS = "\"SwiftRext/Preview Content\"";
				DEVELOPMENT_TEAM = DUBXDHF3SZ;
				ENABLE_PREVIEWS = YES;
				GENERATE_INFOPLIST_FILE = YES;
				INFOPLIST_KEY_UIApplicationSceneManifest_Generation = YES;
				INFOPLIST_KEY_UIApplicationSupportsIndirectInputEvents = YES;
				INFOPLIST_KEY_UILaunchScreen_Generation = YES;
				INFOPLIST_KEY_UISupportedInterfaceOrientations_iPad = "UIInterfaceOrientationPortrait UIInterfaceOrientationPortraitUpsideDown UIInterfaceOrientationLandscapeLeft UIInterfaceOrientationLandscapeRight";
				INFOPLIST_KEY_UISupportedInterfaceOrientations_iPhone = "UIInterfaceOrientationPortrait UIInterfaceOrientationLandscapeLeft UIInterfaceOrientationLandscapeRight";
				LD_RUNPATH_SEARCH_PATHS = (
					"$(inherited)",
					"@executable_path/Frameworks",
				);
				MARKETING_VERSION = 1.0;
				PRODUCT_BUNDLE_IDENTIFIER = com.SwiftRext;
				PRODUCT_NAME = "$(TARGET_NAME)";
				SWIFT_EMIT_LOC_STRINGS = YES;
				SWIFT_VERSION = 5.0;
				TARGETED_DEVICE_FAMILY = "1,2";
			};
			name = Release;
		};
		B22DDEE22D4C219C0031DADB /* Debug */ = {
			isa = XCBuildConfiguration;
			buildSettings = {
				BUNDLE_LOADER = "$(TEST_HOST)";
				CODE_SIGN_STYLE = Automatic;
				CURRENT_PROJECT_VERSION = 1;
				DEVELOPMENT_TEAM = DUBXDHF3SZ;
				GENERATE_INFOPLIST_FILE = YES;
				IPHONEOS_DEPLOYMENT_TARGET = 18.1;
				MARKETING_VERSION = 1.0;
				PRODUCT_BUNDLE_IDENTIFIER = com.SwiftRextTests;
				PRODUCT_NAME = "$(TARGET_NAME)";
				SWIFT_EMIT_LOC_STRINGS = NO;
				SWIFT_VERSION = 5.0;
				TARGETED_DEVICE_FAMILY = "1,2";
				TEST_HOST = "$(BUILT_PRODUCTS_DIR)/SwiftRext.app/$(BUNDLE_EXECUTABLE_FOLDER_PATH)/SwiftRext";
			};
			name = Debug;
		};
		B22DDEE32D4C219C0031DADB /* Release */ = {
			isa = XCBuildConfiguration;
			buildSettings = {
				BUNDLE_LOADER = "$(TEST_HOST)";
				CODE_SIGN_STYLE = Automatic;
				CURRENT_PROJECT_VERSION = 1;
				DEVELOPMENT_TEAM = DUBXDHF3SZ;
				GENERATE_INFOPLIST_FILE = YES;
				IPHONEOS_DEPLOYMENT_TARGET = 18.1;
				MARKETING_VERSION = 1.0;
				PRODUCT_BUNDLE_IDENTIFIER = com.SwiftRextTests;
				PRODUCT_NAME = "$(TARGET_NAME)";
				SWIFT_EMIT_LOC_STRINGS = NO;
				SWIFT_VERSION = 5.0;
				TARGETED_DEVICE_FAMILY = "1,2";
				TEST_HOST = "$(BUILT_PRODUCTS_DIR)/SwiftRext.app/$(BUNDLE_EXECUTABLE_FOLDER_PATH)/SwiftRext";
			};
			name = Release;
		};
		B22DDEE52D4C219C0031DADB /* Debug */ = {
			isa = XCBuildConfiguration;
			buildSettings = {
				CODE_SIGN_STYLE = Automatic;
				CURRENT_PROJECT_VERSION = 1;
				DEVELOPMENT_TEAM = DUBXDHF3SZ;
				GENERATE_INFOPLIST_FILE = YES;
				MARKETING_VERSION = 1.0;
				PRODUCT_BUNDLE_IDENTIFIER = com.SwiftRextUITests;
				PRODUCT_NAME = "$(TARGET_NAME)";
				SWIFT_EMIT_LOC_STRINGS = NO;
				SWIFT_VERSION = 5.0;
				TARGETED_DEVICE_FAMILY = "1,2";
				TEST_TARGET_NAME = SwiftRext;
			};
			name = Debug;
		};
		B22DDEE62D4C219C0031DADB /* Release */ = {
			isa = XCBuildConfiguration;
			buildSettings = {
				CODE_SIGN_STYLE = Automatic;
				CURRENT_PROJECT_VERSION = 1;
				DEVELOPMENT_TEAM = DUBXDHF3SZ;
				GENERATE_INFOPLIST_FILE = YES;
				MARKETING_VERSION = 1.0;
				PRODUCT_BUNDLE_IDENTIFIER = com.SwiftRextUITests;
				PRODUCT_NAME = "$(TARGET_NAME)";
				SWIFT_EMIT_LOC_STRINGS = NO;
				SWIFT_VERSION = 5.0;
				TARGETED_DEVICE_FAMILY = "1,2";
				TEST_TARGET_NAME = SwiftRext;
			};
			name = Release;
		};
/* End XCBuildConfiguration section */

/* Begin XCConfigurationList section */
		B22DDEB52D4C219B0031DADB /* Build configuration list for PBXProject "SwiftRext" */ = {
			isa = XCConfigurationList;
			buildConfigurations = (
				B22DDEDC2D4C219C0031DADB /* Debug */,
				B22DDEDD2D4C219C0031DADB /* Release */,
			);
			defaultConfigurationIsVisible = 0;
			defaultConfigurationName = Release;
		};
		B22DDEDE2D4C219C0031DADB /* Build configuration list for PBXNativeTarget "SwiftRext" */ = {
			isa = XCConfigurationList;
			buildConfigurations = (
				B22DDEDF2D4C219C0031DADB /* Debug */,
				B22DDEE02D4C219C0031DADB /* Release */,
			);
			defaultConfigurationIsVisible = 0;
			defaultConfigurationName = Release;
		};
		B22DDEE12D4C219C0031DADB /* Build configuration list for PBXNativeTarget "SwiftRextTests" */ = {
			isa = XCConfigurationList;
			buildConfigurations = (
				B22DDEE22D4C219C0031DADB /* Debug */,
				B22DDEE32D4C219C0031DADB /* Release */,
			);
			defaultConfigurationIsVisible = 0;
			defaultConfigurationName = Release;
		};
		B22DDEE42D4C219C0031DADB /* Build configuration list for PBXNativeTarget "SwiftRextUITests" */ = {
			isa = XCConfigurationList;
			buildConfigurations = (
				B22DDEE52D4C219C0031DADB /* Debug */,
				B22DDEE62D4C219C0031DADB /* Release */,
			);
			defaultConfigurationIsVisible = 0;
			defaultConfigurationName = Release;
		};
/* End XCConfigurationList section */
	};
	rootObject = B22DDEB22D4C219B0031DADB /* Project object */;
}
