{
  "originHash" : "5f3b8a1af4ceffa50444721cb71f7a1dec5cb9173135a09af07b0d0940a493d8",
  "pins" : [
    {
      "identity" : "reactiveswift",
      "kind" : "remoteSourceControl",
      "location" : "https://github.com/ReactiveCocoa/ReactiveSwift.git",
      "state" : {
        "revision" : "c5eecb5374ac342e22d46abd333e4c8c698c93cc",
        "version" : "7.2.0"
      }
    },
    {
      "identity" : "rxswift",
      "kind" : "remoteSourceControl",
      "location" : "https://github.com/ReactiveX/RxSwift.git",
      "state" : {
        "revision" : "c7c7d2cf50a3211fe2843f76869c698e4e417930",
        "version" : "6.8.0"
      }
    },
    {
      "identity" : "swiftrex",
      "kind" : "remoteSourceControl",
      "location" : "https://github.com/SwiftRex/SwiftRex",
      "state" : {
        "revision" : "b5b5409c221c5b69bd6b074e84988f90b098e347",
        "version" : "0.8.12"
      }
    }
  ],
  "version" : 3
}
